
Microsoft Visual Studio Solution File, Format Version 12.00
# Visual Studio Version 16
VisualStudioVersion = 16.0.31424.327
MinimumVisualStudioVersion = 10.0.40219.1
Project("{FAE04EC0-301F-11D3-BF4B-00C04F79EFBC}") = "AcompanhamentoDocente", "AcompanhamentoDocente.csproj", "{24382388-4752-46CD-9511-7EDEB82C9840}"
EndProject
Global
	GlobalSection(SolutionConfigurationPlatforms) = preSolution
		Debug|Any CPU = Debug|Any CPU
		Release|Any CPU = Release|Any CPU
	EndGlobalSection
	GlobalSection(ProjectConfigurationPlatforms) = postSolution
		{24382388-4752-46CD-9511-7EDEB82C9840}.Debug|Any CPU.ActiveCfg = Debug|Any CPU
		{24382388-4752-46CD-9511-7EDEB82C9840}.Debug|Any CPU.Build.0 = Debug|Any CPU
		{24382388-4752-46CD-9511-7EDEB82C9840}.Release|Any CPU.ActiveCfg = Release|Any CPU
		{24382388-4752-46CD-9511-7EDEB82C9840}.Release|Any CPU.Build.0 = Release|Any CPU
	EndGlobalSection
	GlobalSection(SolutionProperties) = preSolution
		HideSolutionNode = FALSE
	EndGlobalSection
	GlobalSection(ExtensibilityGlobals) = postSolution
		SolutionGuid = {5BF9702E-8175-4B6E-A22E-61B0FF0E1010}
	EndGlobalSection
EndGlobal
